
Microsoft Visual Studio Solution File, Format Version 12.00
# Visual Studio Version 17
VisualStudioVersion = 17.4.33110.190
MinimumVisualStudioVersion = 10.0.40219.1
Project("{FAE04EC0-301F-11D3-BF4B-00C04F79EFBC}") = "5._CaracteresYCadenasTexto", "5._CaracteresYCadenasTexto\5._CaracteresYCadenasTexto.csproj", "{23513EBE-FF8B-4E9A-8776-EF64006AC416}"
EndProject
Global
	GlobalSection(SolutionConfigurationPlatforms) = preSolution
		Debug|Any CPU = Debug|Any CPU
		Release|Any CPU = Release|Any CPU
	EndGlobalSection
	GlobalSection(ProjectConfigurationPlatforms) = postSolution
		{23513EBE-FF8B-4E9A-8776-EF64006AC416}.Debug|Any CPU.ActiveCfg = Debug|Any CPU
		{23513EBE-FF8B-4E9A-8776-EF64006AC416}.Debug|Any CPU.Build.0 = Debug|Any CPU
		{23513EBE-FF8B-4E9A-8776-EF64006AC416}.Release|Any CPU.ActiveCfg = Release|Any CPU
		{23513EBE-FF8B-4E9A-8776-EF64006AC416}.Release|Any CPU.Build.0 = Release|Any CPU
	EndGlobalSection
	GlobalSection(SolutionProperties) = preSolution
		HideSolutionNode = FALSE
	EndGlobalSection
	GlobalSection(ExtensibilityGlobals) = postSolution
		SolutionGuid = {1CB7344E-2C37-4C14-9070-74FD352FEE84}
	EndGlobalSection
EndGlobal
