
Microsoft Visual Studio Solution File, Format Version 12.00
# Visual Studio Version 17
VisualStudioVersion = 17.4.33122.133
MinimumVisualStudioVersion = 10.0.40219.1
Project("{FAE04EC0-301F-11D3-BF4B-00C04F79EFBC}") = "7._ClaseAbstracta", "7._ClaseAbstracta\7._ClaseAbstracta.csproj", "{B5D038ED-AC09-4F2A-9133-CC4706D24B3B}"
EndProject
Global
	GlobalSection(SolutionConfigurationPlatforms) = preSolution
		Debug|Any CPU = Debug|Any CPU
		Release|Any CPU = Release|Any CPU
	EndGlobalSection
	GlobalSection(ProjectConfigurationPlatforms) = postSolution
		{B5D038ED-AC09-4F2A-9133-CC4706D24B3B}.Debug|Any CPU.ActiveCfg = Debug|Any CPU
		{B5D038ED-AC09-4F2A-9133-CC4706D24B3B}.Debug|Any CPU.Build.0 = Debug|Any CPU
		{B5D038ED-AC09-4F2A-9133-CC4706D24B3B}.Release|Any CPU.ActiveCfg = Release|Any CPU
		{B5D038ED-AC09-4F2A-9133-CC4706D24B3B}.Release|Any CPU.Build.0 = Release|Any CPU
	EndGlobalSection
	GlobalSection(SolutionProperties) = preSolution
		HideSolutionNode = FALSE
	EndGlobalSection
	GlobalSection(ExtensibilityGlobals) = postSolution
		SolutionGuid = {E71F91EF-5F36-4C13-8D5F-26384B50A9FE}
	EndGlobalSection
EndGlobal
